// !$*UTF8*$!
{
	archiveVersion = 1;
	classes = {
	};
	objectVersion = 56;
	objects = {

/* Begin PBXBuildFile section */
		C424D84F291953930021DC93 /* RealmInSwiftUIApp.swift in Sources */ = {isa = PBXBuildFile; fileRef = C424D84E291953930021DC93 /* RealmInSwiftUIApp.swift */; };
		C424D853291953940021DC93 /* Assets.xcassets in Resources */ = {isa = PBXBuildFile; fileRef = C424D852291953940021DC93 /* Assets.xcassets */; };
		C424D856291953940021DC93 /* Preview Assets.xcassets in Resources */ = {isa = PBXBuildFile; fileRef = C424D855291953940021DC93 /* Preview Assets.xcassets */; };
		C424D85E291953CD0021DC93 /* Group.swift in Sources */ = {isa = PBXBuildFile; fileRef = C424D85D291953CD0021DC93 /* Group.swift */; };
		C424D860291953ED0021DC93 /* Item.swift in Sources */ = {isa = PBXBuildFile; fileRef = C424D85F291953ED0021DC93 /* Item.swift */; };
		C424D863291954660021DC93 /* Realm in Frameworks */ = {isa = PBXBuildFile; productRef = C424D862291954660021DC93 /* Realm */; };
		C424D865291954660021DC93 /* RealmSwift in Frameworks */ = {isa = PBXBuildFile; productRef = C424D864291954660021DC93 /* RealmSwift */; };
		C424D869291956C20021DC93 /* ItemViewModel.swift in Sources */ = {isa = PBXBuildFile; fileRef = C424D868291956C20021DC93 /* ItemViewModel.swift */; };
		C424D86B291957FA0021DC93 /* ItemListView.swift in Sources */ = {isa = PBXBuildFile; fileRef = C424D86A291957FA0021DC93 /* ItemListView.swift */; };
		C424D86D29195DD10021DC93 /* DetailsItemView.swift in Sources */ = {isa = PBXBuildFile; fileRef = C424D86C29195DD10021DC93 /* DetailsItemView.swift */; };
/* End PBXBuildFile section */

/* Begin PBXFileReference section */
		C424D84B291953930021DC93 /* RealmInSwiftUI.app */ = {isa = PBXFileReference; explicitFileType = wrapper.application; includeInIndex = 0; path = RealmInSwiftUI.app; sourceTree = BUILT_PRODUCTS_DIR; };
		C424D84E291953930021DC93 /* RealmInSwiftUIApp.swift */ = {isa = PBXFileReference; lastKnownFileType = sourcecode.swift; path = RealmInSwiftUIApp.swift; sourceTree = "<group>"; };
		C424D852291953940021DC93 /* Assets.xcassets */ = {isa = PBXFileReference; lastKnownFileType = folder.assetcatalog; path = Assets.xcassets; sourceTree = "<group>"; };
		C424D855291953940021DC93 /* Preview Assets.xcassets */ = {isa = PBXFileReference; lastKnownFileType = folder.assetcatalog; path = "Preview Assets.xcassets"; sourceTree = "<group>"; };
		C424D85D291953CD0021DC93 /* Group.swift */ = {isa = PBXFileReference; lastKnownFileType = sourcecode.swift; path = Group.swift; sourceTree = "<group>"; };
		C424D85F291953ED0021DC93 /* Item.swift */ = {isa = PBXFileReference; lastKnownFileType = sourcecode.swift; path = Item.swift; sourceTree = "<group>"; };
		C424D868291956C20021DC93 /* ItemViewModel.swift */ = {isa = PBXFileReference; lastKnownFileType = sourcecode.swift; path = ItemViewModel.swift; sourceTree = "<group>"; };
		C424D86A291957FA0021DC93 /* ItemListView.swift */ = {isa = PBXFileReference; lastKnownFileType = sourcecode.swift; path = ItemListView.swift; sourceTree = "<group>"; };
		C424D86C29195DD10021DC93 /* DetailsItemView.swift */ = {isa = PBXFileReference; lastKnownFileType = sourcecode.swift; path = DetailsItemView.swift; sourceTree = "<group>"; };
/* End PBXFileReference section */

/* Begin PBXFrameworksBuildPhase section */
		C424D848291953930021DC93 /* Frameworks */ = {
			isa = PBXFrameworksBuildPhase;
			buildActionMask = 2147483647;
			files = (
				C424D865291954660021DC93 /* RealmSwift in Frameworks */,
				C424D863291954660021DC93 /* Realm in Frameworks */,
			);
			runOnlyForDeploymentPostprocessing = 0;
		};
/* End PBXFrameworksBuildPhase section */

/* Begin PBXGroup section */
		C424D842291953930021DC93 = {
			isa = PBXGroup;
			children = (
				C424D84D291953930021DC93 /* RealmInSwiftUI */,
				C424D84C291953930021DC93 /* Products */,
			);
			sourceTree = "<group>";
		};
		C424D84C291953930021DC93 /* Products */ = {
			isa = PBXGroup;
			children = (
				C424D84B291953930021DC93 /* RealmInSwiftUI.app */,
			);
			name = Products;
			sourceTree = "<group>";
		};
		C424D84D291953930021DC93 /* RealmInSwiftUI */ = {
			isa = PBXGroup;
			children = (
				C424D867291956B70021DC93 /* views */,
				C424D866291956AC0021DC93 /* viewmodel */,
				C424D85C291953A40021DC93 /* model */,
				C424D84E291953930021DC93 /* RealmInSwiftUIApp.swift */,
				C424D852291953940021DC93 /* Assets.xcassets */,
				C424D854291953940021DC93 /* Preview Content */,
			);
			path = RealmInSwiftUI;
			sourceTree = "<group>";
		};
		C424D854291953940021DC93 /* Preview Content */ = {
			isa = PBXGroup;
			children = (
				C424D855291953940021DC93 /* Preview Assets.xcassets */,
			);
			path = "Preview Content";
			sourceTree = "<group>";
		};
		C424D85C291953A40021DC93 /* model */ = {
			isa = PBXGroup;
			children = (
				C424D85D291953CD0021DC93 /* Group.swift */,
				C424D85F291953ED0021DC93 /* Item.swift */,
			);
			path = model;
			sourceTree = "<group>";
		};
		C424D866291956AC0021DC93 /* viewmodel */ = {
			isa = PBXGroup;
			children = (
				C424D868291956C20021DC93 /* ItemViewModel.swift */,
			);
			path = viewmodel;
			sourceTree = "<group>";
		};
		C424D867291956B70021DC93 /* views */ = {
			isa = PBXGroup;
			children = (
				C424D86A291957FA0021DC93 /* ItemListView.swift */,
				C424D86C29195DD10021DC93 /* DetailsItemView.swift */,
			);
			path = views;
			sourceTree = "<group>";
		};
/* End PBXGroup section */

/* Begin PBXNativeTarget section */
		C424D84A291953930021DC93 /* RealmInSwiftUI */ = {
			isa = PBXNativeTarget;
			buildConfigurationList = C424D859291953940021DC93 /* Build configuration list for PBXNativeTarget "RealmInSwiftUI" */;
			buildPhases = (
				C424D847291953930021DC93 /* Sources */,
				C424D848291953930021DC93 /* Frameworks */,
				C424D849291953930021DC93 /* Resources */,
			);
			buildRules = (
			);
			dependencies = (
			);
			name = RealmInSwiftUI;
			packageProductDependencies = (
				C424D862291954660021DC93 /* Realm */,
				C424D864291954660021DC93 /* RealmSwift */,
			);
			productName = RealmInSwiftUI;
			productReference = C424D84B291953930021DC93 /* RealmInSwiftUI.app */;
			productType = "com.apple.product-type.application";
		};
/* End PBXNativeTarget section */

/* Begin PBXProject section */
		C424D843291953930021DC93 /* Project object */ = {
			isa = PBXProject;
			attributes = {
				BuildIndependentTargetsInParallel = 1;
				LastSwiftUpdateCheck = 1410;
				LastUpgradeCheck = 1410;
				TargetAttributes = {
					C424D84A291953930021DC93 = {
						CreatedOnToolsVersion = 14.1;
					};
				};
			};
			buildConfigurationList = C424D846291953930021DC93 /* Build configuration list for PBXProject "RealmInSwiftUI" */;
			compatibilityVersion = "Xcode 14.0";
			developmentRegion = en;
			hasScannedForEncodings = 0;
			knownRegions = (
				en,
				Base,
			);
			mainGroup = C424D842291953930021DC93;
			packageReferences = (
				C424D861291954660021DC93 /* XCRemoteSwiftPackageReference "realm-swift" */,
			);
			productRefGroup = C424D84C291953930021DC93 /* Products */;
			projectDirPath = "";
			projectRoot = "";
			targets = (
				C424D84A291953930021DC93 /* RealmInSwiftUI */,
			);
		};
/* End PBXProject section */

/* Begin PBXResourcesBuildPhase section */
		C424D849291953930021DC93 /* Resources */ = {
			isa = PBXResourcesBuildPhase;
			buildActionMask = 2147483647;
			files = (
				C424D856291953940021DC93 /* Preview Assets.xcassets in Resources */,
				C424D853291953940021DC93 /* Assets.xcassets in Resources */,
			);
			runOnlyForDeploymentPostprocessing = 0;
		};
/* End PBXResourcesBuildPhase section */

/* Begin PBXSourcesBuildPhase section */
		C424D847291953930021DC93 /* Sources */ = {
			isa = PBXSourcesBuildPhase;
			buildActionMask = 2147483647;
			files = (
				C424D860291953ED0021DC93 /* Item.swift in Sources */,
				C424D86B291957FA0021DC93 /* ItemListView.swift in Sources */,
				C424D85E291953CD0021DC93 /* Group.swift in Sources */,
				C424D869291956C20021DC93 /* ItemViewModel.swift in Sources */,
				C424D86D29195DD10021DC93 /* DetailsItemView.swift in Sources */,
				C424D84F291953930021DC93 /* RealmInSwiftUIApp.swift in Sources */,
			);
			runOnlyForDeploymentPostprocessing = 0;
		};
/* End PBXSourcesBuildPhase section */

/* Begin XCBuildConfiguration section */
		C424D857291953940021DC93 /* Debug */ = {
			isa = XCBuildConfiguration;
			buildSettings = {
				ALWAYS_SEARCH_USER_PATHS = NO;
				CLANG_ANALYZER_NONNULL = YES;
				CLANG_ANALYZER_NUMBER_OBJECT_CONVERSION = YES_AGGRESSIVE;
				CLANG_CXX_LANGUAGE_STANDARD = "gnu++20";
				CLANG_ENABLE_MODULES = YES;
				CLANG_ENABLE_OBJC_ARC = YES;
				CLANG_ENABLE_OBJC_WEAK = YES;
				CLANG_WARN_BLOCK_CAPTURE_AUTORELEASING = YES;
				CLANG_WARN_BOOL_CONVERSION = YES;
				CLANG_WARN_COMMA = YES;
				CLANG_WARN_CONSTANT_CONVERSION = YES;
				CLANG_WARN_DEPRECATED_OBJC_IMPLEMENTATIONS = YES;
				CLANG_WARN_DIRECT_OBJC_ISA_USAGE = YES_ERROR;
				CLANG_WARN_DOCUMENTATION_COMMENTS = YES;
				CLANG_WARN_EMPTY_BODY = YES;
				CLANG_WARN_ENUM_CONVERSION = YES;
				CLANG_WARN_INFINITE_RECURSION = YES;
				CLANG_WARN_INT_CONVERSION = YES;
				CLANG_WARN_NON_LITERAL_NULL_CONVERSION = YES;
				CLANG_WARN_OBJC_IMPLICIT_RETAIN_SELF = YES;
				CLANG_WARN_OBJC_LITERAL_CONVERSION = YES;
				CLANG_WARN_OBJC_ROOT_CLASS = YES_ERROR;
				CLANG_WARN_QUOTED_INCLUDE_IN_FRAMEWORK_HEADER = YES;
				CLANG_WARN_RANGE_LOOP_ANALYSIS = YES;
				CLANG_WARN_STRICT_PROTOTYPES = YES;
				CLANG_WARN_SUSPICIOUS_MOVE = YES;
				CLANG_WARN_UNGUARDED_AVAILABILITY = YES_AGGRESSIVE;
				CLANG_WARN_UNREACHABLE_CODE = YES;
				CLANG_WARN__DUPLICATE_METHOD_MATCH = YES;
				COPY_PHASE_STRIP = NO;
				DEBUG_INFORMATION_FORMAT = dwarf;
				ENABLE_STRICT_OBJC_MSGSEND = YES;
				ENABLE_TESTABILITY = YES;
				GCC_C_LANGUAGE_STANDARD = gnu11;
				GCC_DYNAMIC_NO_PIC = NO;
				GCC_NO_COMMON_BLOCKS = YES;
				GCC_OPTIMIZATION_LEVEL = 0;
				GCC_PREPROCESSOR_DEFINITIONS = (
					"DEBUG=1",
					"$(inherited)",
				);
				GCC_WARN_64_TO_32_BIT_CONVERSION = YES;
				GCC_WARN_ABOUT_RETURN_TYPE = YES_ERROR;
				GCC_WARN_UNDECLARED_SELECTOR = YES;
				GCC_WARN_UNINITIALIZED_AUTOS = YES_AGGRESSIVE;
				GCC_WARN_UNUSED_FUNCTION = YES;
				GCC_WARN_UNUSED_VARIABLE = YES;
				IPHONEOS_DEPLOYMENT_TARGET = 16.1;
				MTL_ENABLE_DEBUG_INFO = INCLUDE_SOURCE;
				MTL_FAST_MATH = YES;
				ONLY_ACTIVE_ARCH = YES;
				SDKROOT = iphoneos;
				SWIFT_ACTIVE_COMPILATION_CONDITIONS = DEBUG;
				SWIFT_OPTIMIZATION_LEVEL = "-Onone";
			};
			name = Debug;
		};
		C424D858291953940021DC93 /* Release */ = {
			isa = XCBuildConfiguration;
			buildSettings = {
				ALWAYS_SEARCH_USER_PATHS = NO;
				CLANG_ANALYZER_NONNULL = YES;
				CLANG_ANALYZER_NUMBER_OBJECT_CONVERSION = YES_AGGRESSIVE;
				CLANG_CXX_LANGUAGE_STANDARD = "gnu++20";
				CLANG_ENABLE_MODULES = YES;
				CLANG_ENABLE_OBJC_ARC = YES;
				CLANG_ENABLE_OBJC_WEAK = YES;
				CLANG_WARN_BLOCK_CAPTURE_AUTORELEASING = YES;
				CLANG_WARN_BOOL_CONVERSION = YES;
				CLANG_WARN_COMMA = YES;
				CLANG_WARN_CONSTANT_CONVERSION = YES;
				CLANG_WARN_DEPRECATED_OBJC_IMPLEMENTATIONS = YES;
				CLANG_WARN_DIRECT_OBJC_ISA_USAGE = YES_ERROR;
				CLANG_WARN_DOCUMENTATION_COMMENTS = YES;
				CLANG_WARN_EMPTY_BODY = YES;
				CLANG_WARN_ENUM_CONVERSION = YES;
				CLANG_WARN_INFINITE_RECURSION = YES;
				CLANG_WARN_INT_CONVERSION = YES;
				CLANG_WARN_NON_LITERAL_NULL_CONVERSION = YES;
				CLANG_WARN_OBJC_IMPLICIT_RETAIN_SELF = YES;
				CLANG_WARN_OBJC_LITERAL_CONVERSION = YES;
				CLANG_WARN_OBJC_ROOT_CLASS = YES_ERROR;
				CLANG_WARN_QUOTED_INCLUDE_IN_FRAMEWORK_HEADER = YES;
				CLANG_WARN_RANGE_LOOP_ANALYSIS = YES;
				CLANG_WARN_STRICT_PROTOTYPES = YES;
				CLANG_WARN_SUSPICIOUS_MOVE = YES;
				CLANG_WARN_UNGUARDED_AVAILABILITY = YES_AGGRESSIVE;
				CLANG_WARN_UNREACHABLE_CODE = YES;
				CLANG_WARN__DUPLICATE_METHOD_MATCH = YES;
				COPY_PHASE_STRIP = NO;
				DEBUG_INFORMATION_FORMAT = "dwarf-with-dsym";
				ENABLE_NS_ASSERTIONS = NO;
				ENABLE_STRICT_OBJC_MSGSEND = YES;
				GCC_C_LANGUAGE_STANDARD = gnu11;
				GCC_NO_COMMON_BLOCKS = YES;
				GCC_WARN_64_TO_32_BIT_CONVERSION = YES;
				GCC_WARN_ABOUT_RETURN_TYPE = YES_ERROR;
				GCC_WARN_UNDECLARED_SELECTOR = YES;
				GCC_WARN_UNINITIALIZED_AUTOS = YES_AGGRESSIVE;
				GCC_WARN_UNUSED_FUNCTION = YES;
				GCC_WARN_UNUSED_VARIABLE = YES;
				IPHONEOS_DEPLOYMENT_TARGET = 16.1;
				MTL_ENABLE_DEBUG_INFO = NO;
				MTL_FAST_MATH = YES;
				SDKROOT = iphoneos;
				SWIFT_COMPILATION_MODE = wholemodule;
				SWIFT_OPTIMIZATION_LEVEL = "-O";
				VALIDATE_PRODUCT = YES;
			};
			name = Release;
		};
		C424D85A291953940021DC93 /* Debug */ = {
			isa = XCBuildConfiguration;
			buildSettings = {
				ASSETCATALOG_COMPILER_APPICON_NAME = AppIcon;
				ASSETCATALOG_COMPILER_GLOBAL_ACCENT_COLOR_NAME = AccentColor;
				CODE_SIGN_STYLE = Automatic;
				CURRENT_PROJECT_VERSION = 1;
				DEVELOPMENT_ASSET_PATHS = "\"RealmInSwiftUI/Preview Content\"";
				DEVELOPMENT_TEAM = 35W7TZ9DUM;
				ENABLE_PREVIEWS = YES;
				GENERATE_INFOPLIST_FILE = YES;
				INFOPLIST_KEY_UIApplicationSceneManifest_Generation = YES;
				INFOPLIST_KEY_UIApplicationSupportsIndirectInputEvents = YES;
				INFOPLIST_KEY_UILaunchScreen_Generation = YES;
				INFOPLIST_KEY_UISupportedInterfaceOrientations_iPad = "UIInterfaceOrientationPortrait UIInterfaceOrientationPortraitUpsideDown UIInterfaceOrientationLandscapeLeft UIInterfaceOrientationLandscapeRight";
				INFOPLIST_KEY_UISupportedInterfaceOrientations_iPhone = "UIInterfaceOrientationPortrait UIInterfaceOrientationLandscapeLeft UIInterfaceOrientationLandscapeRight";
				LD_RUNPATH_SEARCH_PATHS = (
					"$(inherited)",
					"@executable_path/Frameworks",
				);
				MARKETING_VERSION = 1.0;
				PRODUCT_BUNDLE_IDENTIFIER = com.paigesoftware.RealmInSwiftUI;
				PRODUCT_NAME = "$(TARGET_NAME)";
				SWIFT_EMIT_LOC_STRINGS = YES;
				SWIFT_VERSION = 5.0;
				TARGETED_DEVICE_FAMILY = "1,2";
			};
			name = Debug;
		};
		C424D85B291953940021DC93 /* Release */ = {
			isa = XCBuildConfiguration;
			buildSettings = {
				ASSETCATALOG_COMPILER_APPICON_NAME = AppIcon;
				ASSETCATALOG_COMPILER_GLOBAL_ACCENT_COLOR_NAME = AccentColor;
				CODE_SIGN_STYLE = Automatic;
				CURRENT_PROJECT_VERSION = 1;
				DEVELOPMENT_ASSET_PATHS = "\"RealmInSwiftUI/Preview Content\"";
				DEVELOPMENT_TEAM = 35W7TZ9DUM;
				ENABLE_PREVIEWS = YES;
				GENERATE_INFOPLIST_FILE = YES;
				INFOPLIST_KEY_UIApplicationSceneManifest_Generation = YES;
				INFOPLIST_KEY_UIApplicationSupportsIndirectInputEvents = YES;
				INFOPLIST_KEY_UILaunchScreen_Generation = YES;
				INFOPLIST_KEY_UISupportedInterfaceOrientations_iPad = "UIInterfaceOrientationPortrait UIInterfaceOrientationPortraitUpsideDown UIInterfaceOrientationLandscapeLeft UIInterfaceOrientationLandscapeRight";
				INFOPLIST_KEY_UISupportedInterfaceOrientations_iPhone = "UIInterfaceOrientationPortrait UIInterfaceOrientationLandscapeLeft UIInterfaceOrientationLandscapeRight";
				LD_RUNPATH_SEARCH_PATHS = (
					"$(inherited)",
					"@executable_path/Frameworks",
				);
				MARKETING_VERSION = 1.0;
				PRODUCT_BUNDLE_IDENTIFIER = com.paigesoftware.RealmInSwiftUI;
				PRODUCT_NAME = "$(TARGET_NAME)";
				SWIFT_EMIT_LOC_STRINGS = YES;
				SWIFT_VERSION = 5.0;
				TARGETED_DEVICE_FAMILY = "1,2";
			};
			name = Release;
		};
/* End XCBuildConfiguration section */

/* Begin XCConfigurationList section */
		C424D846291953930021DC93 /* Build configuration list for PBXProject "RealmInSwiftUI" */ = {
			isa = XCConfigurationList;
			buildConfigurations = (
				C424D857291953940021DC93 /* Debug */,
				C424D858291953940021DC93 /* Release */,
			);
			defaultConfigurationIsVisible = 0;
			defaultConfigurationName = Release;
		};
		C424D859291953940021DC93 /* Build configuration list for PBXNativeTarget "RealmInSwiftUI" */ = {
			isa = XCConfigurationList;
			buildConfigurations = (
				C424D85A291953940021DC93 /* Debug */,
				C424D85B291953940021DC93 /* Release */,
			);
			defaultConfigurationIsVisible = 0;
			defaultConfigurationName = Release;
		};
/* End XCConfigurationList section */

/* Begin XCRemoteSwiftPackageReference section */
		C424D861291954660021DC93 /* XCRemoteSwiftPackageReference "realm-swift" */ = {
			isa = XCRemoteSwiftPackageReference;
			repositoryURL = "https://github.com/realm/realm-swift.git";
			requirement = {
				branch = master;
				kind = branch;
			};
		};
/* End XCRemoteSwiftPackageReference section */

/* Begin XCSwiftPackageProductDependency section */
		C424D862291954660021DC93 /* Realm */ = {
			isa = XCSwiftPackageProductDependency;
			package = C424D861291954660021DC93 /* XCRemoteSwiftPackageReference "realm-swift" */;
			productName = Realm;
		};
		C424D864291954660021DC93 /* RealmSwift */ = {
			isa = XCSwiftPackageProductDependency;
			package = C424D861291954660021DC93 /* XCRemoteSwiftPackageReference "realm-swift" */;
			productName = RealmSwift;
		};
/* End XCSwiftPackageProductDependency section */
	};
	rootObject = C424D843291953930021DC93 /* Project object */;
}
